
Microsoft Visual Studio Solution File, Format Version 12.00
# Visual Studio Version 16
VisualStudioVersion = 16.0.31205.134
MinimumVisualStudioVersion = 10.0.40219.1
Project("{9A19103F-16F7-4668-BE54-9A1E7A4F7556}") = "GB-02-01", "GB-02-01.csproj", "{DBE3D47F-15F8-456A-B259-DA300DA57248}"
EndProject
Project("{FAE04EC0-301F-11D3-BF4B-00C04F79EFBC}") = "Part2", "Part2\Part2.csproj", "{FBF520BF-B2A3-4734-8C07-CC17A0EE4A3B}"
EndProject
Global
	GlobalSection(SolutionConfigurationPlatforms) = preSolution
		Debug|Any CPU = Debug|Any CPU
		Release|Any CPU = Release|Any CPU
	EndGlobalSection
	GlobalSection(ProjectConfigurationPlatforms) = postSolution
		{DBE3D47F-15F8-456A-B259-DA300DA57248}.Debug|Any CPU.ActiveCfg = Debug|Any CPU
		{DBE3D47F-15F8-456A-B259-DA300DA57248}.Debug|Any CPU.Build.0 = Debug|Any CPU
		{DBE3D47F-15F8-456A-B259-DA300DA57248}.Release|Any CPU.ActiveCfg = Release|Any CPU
		{DBE3D47F-15F8-456A-B259-DA300DA57248}.Release|Any CPU.Build.0 = Release|Any CPU
		{FBF520BF-B2A3-4734-8C07-CC17A0EE4A3B}.Debug|Any CPU.ActiveCfg = Debug|Any CPU
		{FBF520BF-B2A3-4734-8C07-CC17A0EE4A3B}.Debug|Any CPU.Build.0 = Debug|Any CPU
		{FBF520BF-B2A3-4734-8C07-CC17A0EE4A3B}.Release|Any CPU.ActiveCfg = Release|Any CPU
		{FBF520BF-B2A3-4734-8C07-CC17A0EE4A3B}.Release|Any CPU.Build.0 = Release|Any CPU
	EndGlobalSection
	GlobalSection(SolutionProperties) = preSolution
		HideSolutionNode = FALSE
	EndGlobalSection
	GlobalSection(ExtensibilityGlobals) = postSolution
		SolutionGuid = {A67DC092-A89E-4FFF-8BB1-9BA6F82A34D2}
	EndGlobalSection
EndGlobal
